// !$*UTF8*$!
{
	archiveVersion = 1;
	classes = {
	};
	objectVersion = 52;
	objects = {

/* Begin PBXBuildFile section */
		F5E13791267206D100C33933 /* AppDelegate.swift in Sources */ = {isa = PBXBuildFile; fileRef = F5E13790267206D100C33933 /* AppDelegate.swift */; };
		F5E13793267206D100C33933 /* SceneDelegate.swift in Sources */ = {isa = PBXBuildFile; fileRef = F5E13792267206D100C33933 /* SceneDelegate.swift */; };
		F5E13795267206D100C33933 /* ViewController.swift in Sources */ = {isa = PBXBuildFile; fileRef = F5E13794267206D100C33933 /* ViewController.swift */; };
		F5E13798267206D100C33933 /* Main.storyboard in Resources */ = {isa = PBXBuildFile; fileRef = F5E13796267206D100C33933 /* Main.storyboard */; };
		F5E1379A267206D300C33933 /* Assets.xcassets in Resources */ = {isa = PBXBuildFile; fileRef = F5E13799267206D300C33933 /* Assets.xcassets */; };
		F5E1379D267206D300C33933 /* LaunchScreen.storyboard in Resources */ = {isa = PBXBuildFile; fileRef = F5E1379B267206D300C33933 /* LaunchScreen.storyboard */; };
		F5E137A62672076B00C33933 /* Kingfisher in Frameworks */ = {isa = PBXBuildFile; productRef = F5E137A52672076B00C33933 /* Kingfisher */; };
		F5E137A82672109400C33933 /* UIColor.swift in Sources */ = {isa = PBXBuildFile; fileRef = F5E137A72672109400C33933 /* UIColor.swift */; };
		F5E137AA26721B0C00C33933 /* HomeViewController.swift in Sources */ = {isa = PBXBuildFile; fileRef = F5E137A926721B0C00C33933 /* HomeViewController.swift */; };
		F5E137B126721E1100C33933 /* FoodTableViewCell.swift in Sources */ = {isa = PBXBuildFile; fileRef = F5E137B026721E1100C33933 /* FoodTableViewCell.swift */; };
		F5E137B426721F3B00C33933 /* FoodData.swift in Sources */ = {isa = PBXBuildFile; fileRef = F5E137B326721F3B00C33933 /* FoodData.swift */; };
/* End PBXBuildFile section */

/* Begin PBXFileReference section */
		F5E1378D267206D100C33933 /* WSA-Test Assessment.app */ = {isa = PBXFileReference; explicitFileType = wrapper.application; includeInIndex = 0; path = "WSA-Test Assessment.app"; sourceTree = BUILT_PRODUCTS_DIR; };
		F5E13790267206D100C33933 /* AppDelegate.swift */ = {isa = PBXFileReference; lastKnownFileType = sourcecode.swift; path = AppDelegate.swift; sourceTree = "<group>"; };
		F5E13792267206D100C33933 /* SceneDelegate.swift */ = {isa = PBXFileReference; lastKnownFileType = sourcecode.swift; path = SceneDelegate.swift; sourceTree = "<group>"; };
		F5E13794267206D100C33933 /* ViewController.swift */ = {isa = PBXFileReference; lastKnownFileType = sourcecode.swift; path = ViewController.swift; sourceTree = "<group>"; };
		F5E13797267206D100C33933 /* Base */ = {isa = PBXFileReference; lastKnownFileType = file.storyboard; name = Base; path = Base.lproj/Main.storyboard; sourceTree = "<group>"; };
		F5E13799267206D300C33933 /* Assets.xcassets */ = {isa = PBXFileReference; lastKnownFileType = folder.assetcatalog; path = Assets.xcassets; sourceTree = "<group>"; };
		F5E1379C267206D300C33933 /* Base */ = {isa = PBXFileReference; lastKnownFileType = file.storyboard; name = Base; path = Base.lproj/LaunchScreen.storyboard; sourceTree = "<group>"; };
		F5E1379E267206D300C33933 /* Info.plist */ = {isa = PBXFileReference; lastKnownFileType = text.plist.xml; path = Info.plist; sourceTree = "<group>"; };
		F5E137A72672109400C33933 /* UIColor.swift */ = {isa = PBXFileReference; lastKnownFileType = sourcecode.swift; path = UIColor.swift; sourceTree = "<group>"; };
		F5E137A926721B0C00C33933 /* HomeViewController.swift */ = {isa = PBXFileReference; lastKnownFileType = sourcecode.swift; path = HomeViewController.swift; sourceTree = "<group>"; };
		F5E137B026721E1100C33933 /* FoodTableViewCell.swift */ = {isa = PBXFileReference; lastKnownFileType = sourcecode.swift; path = FoodTableViewCell.swift; sourceTree = "<group>"; };
		F5E137B326721F3B00C33933 /* FoodData.swift */ = {isa = PBXFileReference; lastKnownFileType = sourcecode.swift; path = FoodData.swift; sourceTree = "<group>"; };
/* End PBXFileReference section */

/* Begin PBXFrameworksBuildPhase section */
		F5E1378A267206D100C33933 /* Frameworks */ = {
			isa = PBXFrameworksBuildPhase;
			buildActionMask = 2147483647;
			files = (
				F5E137A62672076B00C33933 /* Kingfisher in Frameworks */,
			);
			runOnlyForDeploymentPostprocessing = 0;
		};
/* End PBXFrameworksBuildPhase section */

/* Begin PBXGroup section */
		F5E13784267206D100C33933 = {
			isa = PBXGroup;
			children = (
				F5E1378F267206D100C33933 /* WSA-Test Assessment */,
				F5E1378E267206D100C33933 /* Products */,
			);
			sourceTree = "<group>";
		};
		F5E1378E267206D100C33933 /* Products */ = {
			isa = PBXGroup;
			children = (
				F5E1378D267206D100C33933 /* WSA-Test Assessment.app */,
			);
			name = Products;
			sourceTree = "<group>";
		};
		F5E1378F267206D100C33933 /* WSA-Test Assessment */ = {
			isa = PBXGroup;
			children = (
				F5E13790267206D100C33933 /* AppDelegate.swift */,
				F5E13792267206D100C33933 /* SceneDelegate.swift */,
				F5E137B226721F2D00C33933 /* Models */,
				F5E137AB26721B1400C33933 /* Extensions */,
				F5E137AE26721D0300C33933 /* Views */,
				F5E13799267206D300C33933 /* Assets.xcassets */,
				F5E1379B267206D300C33933 /* LaunchScreen.storyboard */,
				F5E1379E267206D300C33933 /* Info.plist */,
			);
			path = "WSA-Test Assessment";
			sourceTree = "<group>";
		};
		F5E137AB26721B1400C33933 /* Extensions */ = {
			isa = PBXGroup;
			children = (
				F5E137A72672109400C33933 /* UIColor.swift */,
			);
			path = Extensions;
			sourceTree = "<group>";
		};
		F5E137AC26721B1D00C33933 /* ViewControllers */ = {
			isa = PBXGroup;
			children = (
				F5E13794267206D100C33933 /* ViewController.swift */,
				F5E137A926721B0C00C33933 /* HomeViewController.swift */,
			);
			path = ViewControllers;
			sourceTree = "<group>";
		};
		F5E137AD26721B2500C33933 /* Storyboards */ = {
			isa = PBXGroup;
			children = (
				F5E13796267206D100C33933 /* Main.storyboard */,
			);
			path = Storyboards;
			sourceTree = "<group>";
		};
		F5E137AE26721D0300C33933 /* Views */ = {
			isa = PBXGroup;
			children = (
				F5E137AC26721B1D00C33933 /* ViewControllers */,
				F5E137AF26721D0A00C33933 /* Cells */,
				F5E137AD26721B2500C33933 /* Storyboards */,
			);
			path = Views;
			sourceTree = "<group>";
		};
		F5E137AF26721D0A00C33933 /* Cells */ = {
			isa = PBXGroup;
			children = (
				F5E137B026721E1100C33933 /* FoodTableViewCell.swift */,
			);
			path = Cells;
			sourceTree = "<group>";
		};
		F5E137B226721F2D00C33933 /* Models */ = {
			isa = PBXGroup;
			children = (
				F5E137B326721F3B00C33933 /* FoodData.swift */,
			);
			path = Models;
			sourceTree = "<group>";
		};
/* End PBXGroup section */

/* Begin PBXNativeTarget section */
		F5E1378C267206D100C33933 /* WSA-Test Assessment */ = {
			isa = PBXNativeTarget;
			buildConfigurationList = F5E137A1267206D300C33933 /* Build configuration list for PBXNativeTarget "WSA-Test Assessment" */;
			buildPhases = (
				F5E13789267206D100C33933 /* Sources */,
				F5E1378A267206D100C33933 /* Frameworks */,
				F5E1378B267206D100C33933 /* Resources */,
			);
			buildRules = (
			);
			dependencies = (
			);
			name = "WSA-Test Assessment";
			packageProductDependencies = (
				F5E137A52672076B00C33933 /* Kingfisher */,
			);
			productName = "WSA-Test Assessment";
			productReference = F5E1378D267206D100C33933 /* WSA-Test Assessment.app */;
			productType = "com.apple.product-type.application";
		};
/* End PBXNativeTarget section */

/* Begin PBXProject section */
		F5E13785267206D100C33933 /* Project object */ = {
			isa = PBXProject;
			attributes = {
				LastSwiftUpdateCheck = 1250;
				LastUpgradeCheck = 1250;
				TargetAttributes = {
					F5E1378C267206D100C33933 = {
						CreatedOnToolsVersion = 12.5;
					};
				};
			};
			buildConfigurationList = F5E13788267206D100C33933 /* Build configuration list for PBXProject "WSA-Test Assessment" */;
			compatibilityVersion = "Xcode 9.3";
			developmentRegion = en;
			hasScannedForEncodings = 0;
			knownRegions = (
				en,
				Base,
			);
			mainGroup = F5E13784267206D100C33933;
			packageReferences = (
				F5E137A42672076B00C33933 /* XCRemoteSwiftPackageReference "Kingfisher" */,
			);
			productRefGroup = F5E1378E267206D100C33933 /* Products */;
			projectDirPath = "";
			projectRoot = "";
			targets = (
				F5E1378C267206D100C33933 /* WSA-Test Assessment */,
			);
		};
/* End PBXProject section */

/* Begin PBXResourcesBuildPhase section */
		F5E1378B267206D100C33933 /* Resources */ = {
			isa = PBXResourcesBuildPhase;
			buildActionMask = 2147483647;
			files = (
				F5E1379D267206D300C33933 /* LaunchScreen.storyboard in Resources */,
				F5E1379A267206D300C33933 /* Assets.xcassets in Resources */,
				F5E13798267206D100C33933 /* Main.storyboard in Resources */,
			);
			runOnlyForDeploymentPostprocessing = 0;
		};
/* End PBXResourcesBuildPhase section */

/* Begin PBXSourcesBuildPhase section */
		F5E13789267206D100C33933 /* Sources */ = {
			isa = PBXSourcesBuildPhase;
			buildActionMask = 2147483647;
			files = (
				F5E137B426721F3B00C33933 /* FoodData.swift in Sources */,
				F5E137AA26721B0C00C33933 /* HomeViewController.swift in Sources */,
				F5E13795267206D100C33933 /* ViewController.swift in Sources */,
				F5E137A82672109400C33933 /* UIColor.swift in Sources */,
				F5E13791267206D100C33933 /* AppDelegate.swift in Sources */,
				F5E13793267206D100C33933 /* SceneDelegate.swift in Sources */,
				F5E137B126721E1100C33933 /* FoodTableViewCell.swift in Sources */,
			);
			runOnlyForDeploymentPostprocessing = 0;
		};
/* End PBXSourcesBuildPhase section */

/* Begin PBXVariantGroup section */
		F5E13796267206D100C33933 /* Main.storyboard */ = {
			isa = PBXVariantGroup;
			children = (
				F5E13797267206D100C33933 /* Base */,
			);
			name = Main.storyboard;
			sourceTree = "<group>";
		};
		F5E1379B267206D300C33933 /* LaunchScreen.storyboard */ = {
			isa = PBXVariantGroup;
			children = (
				F5E1379C267206D300C33933 /* Base */,
			);
			name = LaunchScreen.storyboard;
			sourceTree = "<group>";
		};
/* End PBXVariantGroup section */

/* Begin XCBuildConfiguration section */
		F5E1379F267206D300C33933 /* Debug */ = {
			isa = XCBuildConfiguration;
			buildSettings = {
				ALWAYS_SEARCH_USER_PATHS = NO;
				CLANG_ANALYZER_NONNULL = YES;
				CLANG_ANALYZER_NUMBER_OBJECT_CONVERSION = YES_AGGRESSIVE;
				CLANG_CXX_LANGUAGE_STANDARD = "gnu++14";
				CLANG_CXX_LIBRARY = "libc++";
				CLANG_ENABLE_MODULES = YES;
				CLANG_ENABLE_OBJC_ARC = YES;
				CLANG_ENABLE_OBJC_WEAK = YES;
				CLANG_WARN_BLOCK_CAPTURE_AUTORELEASING = YES;
				CLANG_WARN_BOOL_CONVERSION = YES;
				CLANG_WARN_COMMA = YES;
				CLANG_WARN_CONSTANT_CONVERSION = YES;
				CLANG_WARN_DEPRECATED_OBJC_IMPLEMENTATIONS = YES;
				CLANG_WARN_DIRECT_OBJC_ISA_USAGE = YES_ERROR;
				CLANG_WARN_DOCUMENTATION_COMMENTS = YES;
				CLANG_WARN_EMPTY_BODY = YES;
				CLANG_WARN_ENUM_CONVERSION = YES;
				CLANG_WARN_INFINITE_RECURSION = YES;
				CLANG_WARN_INT_CONVERSION = YES;
				CLANG_WARN_NON_LITERAL_NULL_CONVERSION = YES;
				CLANG_WARN_OBJC_IMPLICIT_RETAIN_SELF = YES;
				CLANG_WARN_OBJC_LITERAL_CONVERSION = YES;
				CLANG_WARN_OBJC_ROOT_CLASS = YES_ERROR;
				CLANG_WARN_QUOTED_INCLUDE_IN_FRAMEWORK_HEADER = YES;
				CLANG_WARN_RANGE_LOOP_ANALYSIS = YES;
				CLANG_WARN_STRICT_PROTOTYPES = YES;
				CLANG_WARN_SUSPICIOUS_MOVE = YES;
				CLANG_WARN_UNGUARDED_AVAILABILITY = YES_AGGRESSIVE;
				CLANG_WARN_UNREACHABLE_CODE = YES;
				CLANG_WARN__DUPLICATE_METHOD_MATCH = YES;
				COPY_PHASE_STRIP = NO;
				DEBUG_INFORMATION_FORMAT = dwarf;
				ENABLE_STRICT_OBJC_MSGSEND = YES;
				ENABLE_TESTABILITY = YES;
				GCC_C_LANGUAGE_STANDARD = gnu11;
				GCC_DYNAMIC_NO_PIC = NO;
				GCC_NO_COMMON_BLOCKS = YES;
				GCC_OPTIMIZATION_LEVEL = 0;
				GCC_PREPROCESSOR_DEFINITIONS = (
					"DEBUG=1",
					"$(inherited)",
				);
				GCC_WARN_64_TO_32_BIT_CONVERSION = YES;
				GCC_WARN_ABOUT_RETURN_TYPE = YES_ERROR;
				GCC_WARN_UNDECLARED_SELECTOR = YES;
				GCC_WARN_UNINITIALIZED_AUTOS = YES_AGGRESSIVE;
				GCC_WARN_UNUSED_FUNCTION = YES;
				GCC_WARN_UNUSED_VARIABLE = YES;
				IPHONEOS_DEPLOYMENT_TARGET = 14.5;
				MTL_ENABLE_DEBUG_INFO = INCLUDE_SOURCE;
				MTL_FAST_MATH = YES;
				ONLY_ACTIVE_ARCH = YES;
				SDKROOT = iphoneos;
				SWIFT_ACTIVE_COMPILATION_CONDITIONS = DEBUG;
				SWIFT_OPTIMIZATION_LEVEL = "-Onone";
			};
			name = Debug;
		};
		F5E137A0267206D300C33933 /* Release */ = {
			isa = XCBuildConfiguration;
			buildSettings = {
				ALWAYS_SEARCH_USER_PATHS = NO;
				CLANG_ANALYZER_NONNULL = YES;
				CLANG_ANALYZER_NUMBER_OBJECT_CONVERSION = YES_AGGRESSIVE;
				CLANG_CXX_LANGUAGE_STANDARD = "gnu++14";
				CLANG_CXX_LIBRARY = "libc++";
				CLANG_ENABLE_MODULES = YES;
				CLANG_ENABLE_OBJC_ARC = YES;
				CLANG_ENABLE_OBJC_WEAK = YES;
				CLANG_WARN_BLOCK_CAPTURE_AUTORELEASING = YES;
				CLANG_WARN_BOOL_CONVERSION = YES;
				CLANG_WARN_COMMA = YES;
				CLANG_WARN_CONSTANT_CONVERSION = YES;
				CLANG_WARN_DEPRECATED_OBJC_IMPLEMENTATIONS = YES;
				CLANG_WARN_DIRECT_OBJC_ISA_USAGE = YES_ERROR;
				CLANG_WARN_DOCUMENTATION_COMMENTS = YES;
				CLANG_WARN_EMPTY_BODY = YES;
				CLANG_WARN_ENUM_CONVERSION = YES;
				CLANG_WARN_INFINITE_RECURSION = YES;
				CLANG_WARN_INT_CONVERSION = YES;
				CLANG_WARN_NON_LITERAL_NULL_CONVERSION = YES;
				CLANG_WARN_OBJC_IMPLICIT_RETAIN_SELF = YES;
				CLANG_WARN_OBJC_LITERAL_CONVERSION = YES;
				CLANG_WARN_OBJC_ROOT_CLASS = YES_ERROR;
				CLANG_WARN_QUOTED_INCLUDE_IN_FRAMEWORK_HEADER = YES;
				CLANG_WARN_RANGE_LOOP_ANALYSIS = YES;
				CLANG_WARN_STRICT_PROTOTYPES = YES;
				CLANG_WARN_SUSPICIOUS_MOVE = YES;
				CLANG_WARN_UNGUARDED_AVAILABILITY = YES_AGGRESSIVE;
				CLANG_WARN_UNREACHABLE_CODE = YES;
				CLANG_WARN__DUPLICATE_METHOD_MATCH = YES;
				COPY_PHASE_STRIP = NO;
				DEBUG_INFORMATION_FORMAT = "dwarf-with-dsym";
				ENABLE_NS_ASSERTIONS = NO;
				ENABLE_STRICT_OBJC_MSGSEND = YES;
				GCC_C_LANGUAGE_STANDARD = gnu11;
				GCC_NO_COMMON_BLOCKS = YES;
				GCC_WARN_64_TO_32_BIT_CONVERSION = YES;
				GCC_WARN_ABOUT_RETURN_TYPE = YES_ERROR;
				GCC_WARN_UNDECLARED_SELECTOR = YES;
				GCC_WARN_UNINITIALIZED_AUTOS = YES_AGGRESSIVE;
				GCC_WARN_UNUSED_FUNCTION = YES;
				GCC_WARN_UNUSED_VARIABLE = YES;
				IPHONEOS_DEPLOYMENT_TARGET = 14.5;
				MTL_ENABLE_DEBUG_INFO = NO;
				MTL_FAST_MATH = YES;
				SDKROOT = iphoneos;
				SWIFT_COMPILATION_MODE = wholemodule;
				SWIFT_OPTIMIZATION_LEVEL = "-O";
				VALIDATE_PRODUCT = YES;
			};
			name = Release;
		};
		F5E137A2267206D300C33933 /* Debug */ = {
			isa = XCBuildConfiguration;
			buildSettings = {
				ASSETCATALOG_COMPILER_APPICON_NAME = AppIcon;
				ASSETCATALOG_COMPILER_GLOBAL_ACCENT_COLOR_NAME = AccentColor;
				CODE_SIGN_STYLE = Automatic;
				DEVELOPMENT_TEAM = XYY68H4963;
				INFOPLIST_FILE = "WSA-Test Assessment/Info.plist";
				IPHONEOS_DEPLOYMENT_TARGET = 12.1;
				LD_RUNPATH_SEARCH_PATHS = (
					"$(inherited)",
					"@executable_path/Frameworks",
				);
				PRODUCT_BUNDLE_IDENTIFIER = "me.alireza.WSA-Test-Assessment";
				PRODUCT_NAME = "$(TARGET_NAME)";
				SWIFT_VERSION = 5.0;
				TARGETED_DEVICE_FAMILY = "1,2";
			};
			name = Debug;
		};
		F5E137A3267206D300C33933 /* Release */ = {
			isa = XCBuildConfiguration;
			buildSettings = {
				ASSETCATALOG_COMPILER_APPICON_NAME = AppIcon;
				ASSETCATALOG_COMPILER_GLOBAL_ACCENT_COLOR_NAME = AccentColor;
				CODE_SIGN_STYLE = Automatic;
				DEVELOPMENT_TEAM = XYY68H4963;
				INFOPLIST_FILE = "WSA-Test Assessment/Info.plist";
				IPHONEOS_DEPLOYMENT_TARGET = 12.1;
				LD_RUNPATH_SEARCH_PATHS = (
					"$(inherited)",
					"@executable_path/Frameworks",
				);
				PRODUCT_BUNDLE_IDENTIFIER = "me.alireza.WSA-Test-Assessment";
				PRODUCT_NAME = "$(TARGET_NAME)";
				SWIFT_VERSION = 5.0;
				TARGETED_DEVICE_FAMILY = "1,2";
			};
			name = Release;
		};
/* End XCBuildConfiguration section */

/* Begin XCConfigurationList section */
		F5E13788267206D100C33933 /* Build configuration list for PBXProject "WSA-Test Assessment" */ = {
			isa = XCConfigurationList;
			buildConfigurations = (
				F5E1379F267206D300C33933 /* Debug */,
				F5E137A0267206D300C33933 /* Release */,
			);
			defaultConfigurationIsVisible = 0;
			defaultConfigurationName = Release;
		};
		F5E137A1267206D300C33933 /* Build configuration list for PBXNativeTarget "WSA-Test Assessment" */ = {
			isa = XCConfigurationList;
			buildConfigurations = (
				F5E137A2267206D300C33933 /* Debug */,
				F5E137A3267206D300C33933 /* Release */,
			);
			defaultConfigurationIsVisible = 0;
			defaultConfigurationName = Release;
		};
/* End XCConfigurationList section */

/* Begin XCRemoteSwiftPackageReference section */
		F5E137A42672076B00C33933 /* XCRemoteSwiftPackageReference "Kingfisher" */ = {
			isa = XCRemoteSwiftPackageReference;
			repositoryURL = "https://github.com/onevcat/Kingfisher.git";
			requirement = {
				kind = upToNextMajorVersion;
				minimumVersion = 6.3.0;
			};
		};
/* End XCRemoteSwiftPackageReference section */

/* Begin XCSwiftPackageProductDependency section */
		F5E137A52672076B00C33933 /* Kingfisher */ = {
			isa = XCSwiftPackageProductDependency;
			package = F5E137A42672076B00C33933 /* XCRemoteSwiftPackageReference "Kingfisher" */;
			productName = Kingfisher;
		};
/* End XCSwiftPackageProductDependency section */
	};
	rootObject = F5E13785267206D100C33933 /* Project object */;
}
